
Microsoft Visual Studio Solution File, Format Version 12.00
# Visual Studio 15
VisualStudioVersion = 15.0.28307.329
MinimumVisualStudioVersion = 10.0.40219.1
Project("{FAE04EC0-301F-11D3-BF4B-00C04F79EFBC}") = "WPFTetris", "WPFTetris\WPFTetris.csproj", "{2D60F9CD-F55A-4600-B506-CB6210F001A4}"
EndProject
Global
	GlobalSection(SolutionConfigurationPlatforms) = preSolution
		Debug|Any CPU = Debug|Any CPU
		Release|Any CPU = Release|Any CPU
	EndGlobalSection
	GlobalSection(ProjectConfigurationPlatforms) = postSolution
		{2D60F9CD-F55A-4600-B506-CB6210F001A4}.Debug|Any CPU.ActiveCfg = Debug|Any CPU
		{2D60F9CD-F55A-4600-B506-CB6210F001A4}.Debug|Any CPU.Build.0 = Debug|Any CPU
		{2D60F9CD-F55A-4600-B506-CB6210F001A4}.Release|Any CPU.ActiveCfg = Release|Any CPU
		{2D60F9CD-F55A-4600-B506-CB6210F001A4}.Release|Any CPU.Build.0 = Release|Any CPU
	EndGlobalSection
	GlobalSection(SolutionProperties) = preSolution
		HideSolutionNode = FALSE
	EndGlobalSection
	GlobalSection(ExtensibilityGlobals) = postSolution
		SolutionGuid = {9868C949-0C6A-432B-9DEF-598E054608E7}
	EndGlobalSection
EndGlobal
